// !$*UTF8*$!
{
	archiveVersion = 1;
	classes = {
	};
	objectVersion = 46;
	objects = {

/* Begin PBXBuildFile section */
		79FA216EB0F3CDD37D0F64C7 /* Assets.xcassets in Resources */ = {isa = PBXBuildFile; fileRef = 79FA25932FC6D817B742C354 /* Assets.xcassets */; };
		79FA22FAC849890CF6AD6B94 /* ListByUrl_P11Tests.swift in Sources */ = {isa = PBXBuildFile; fileRef = 79FA25D053FDB4888D4643AA /* ListByUrl_P11Tests.swift */; };
		79FA23862486E467CECF8C77 /* ContentView.swift in Sources */ = {isa = PBXBuildFile; fileRef = 79FA2F83811759009F54C69F /* ContentView.swift */; };
		79FA253E2D88706B2C1E7C81 /* ListByUrl_P11App.swift in Sources */ = {isa = PBXBuildFile; fileRef = 79FA2EF7969EE353AEE8326E /* ListByUrl_P11App.swift */; };
		79FA26559C55EA6014623CFB /* ListByUrl_P11UITests.swift in Sources */ = {isa = PBXBuildFile; fileRef = 79FA210015EF2C9A48E98E0D /* ListByUrl_P11UITests.swift */; };
		79FA26686995F85A0AC83590 /* ListByUrl_P11UITestsLaunchTests.swift in Sources */ = {isa = PBXBuildFile; fileRef = 79FA2F46EC0CB12CB93DE3A2 /* ListByUrl_P11UITestsLaunchTests.swift */; };
		79FA279E7C419C3C8A0F6CC2 /* Preview Assets.xcassets in Resources */ = {isa = PBXBuildFile; fileRef = 79FA2325D03B7CF756688312 /* Preview Assets.xcassets */; };
/* End PBXBuildFile section */

/* Begin PBXContainerItemProxy section */
		79FA2D2B80412405303EC80E /* PBXContainerItemProxy */ = {
			isa = PBXContainerItemProxy;
			containerPortal = 79FA296796085820078CC1A1 /* Project object */;
			proxyType = 1;
			remoteGlobalIDString = 79FA2ECE1AEA8801A56B45AA;
			remoteInfo = ListByUrl_P11;
		};
		79FA2D768280A77E767B9C84 /* PBXContainerItemProxy */ = {
			isa = PBXContainerItemProxy;
			containerPortal = 79FA296796085820078CC1A1 /* Project object */;
			proxyType = 1;
			remoteGlobalIDString = 79FA2ECE1AEA8801A56B45AA;
			remoteInfo = ListByUrl_P11;
		};
/* End PBXContainerItemProxy section */

/* Begin PBXFileReference section */
		79FA210015EF2C9A48E98E0D /* ListByUrl_P11UITests.swift */ = {isa = PBXFileReference; lastKnownFileType = sourcecode.swift; path = ListByUrl_P11UITests.swift; sourceTree = "<group>"; };
		79FA2325D03B7CF756688312 /* Preview Assets.xcassets */ = {isa = PBXFileReference; lastKnownFileType = folder.assetcatalog; path = "Preview Assets.xcassets"; sourceTree = "<group>"; };
		79FA25932FC6D817B742C354 /* Assets.xcassets */ = {isa = PBXFileReference; lastKnownFileType = folder.assetcatalog; path = Assets.xcassets; sourceTree = "<group>"; };
		79FA25D053FDB4888D4643AA /* ListByUrl_P11Tests.swift */ = {isa = PBXFileReference; lastKnownFileType = sourcecode.swift; path = ListByUrl_P11Tests.swift; sourceTree = "<group>"; };
		79FA26900C155A68F365686B /* ListByUrl_P11.app */ = {isa = PBXFileReference; explicitFileType = wrapper.application; includeInIndex = 0; path = ListByUrl_P11.app; sourceTree = BUILT_PRODUCTS_DIR; };
		79FA27DDDD8794D35FBAE0E6 /* ListByUrl_P11UITests.xctest */ = {isa = PBXFileReference; explicitFileType = wrapper.cfbundle; includeInIndex = 0; path = ListByUrl_P11UITests.xctest; sourceTree = BUILT_PRODUCTS_DIR; };
		79FA2D3E12F98CC9ADBFC2BB /* ListByUrl_P11Tests.xctest */ = {isa = PBXFileReference; explicitFileType = wrapper.cfbundle; includeInIndex = 0; path = ListByUrl_P11Tests.xctest; sourceTree = BUILT_PRODUCTS_DIR; };
		79FA2EF7969EE353AEE8326E /* ListByUrl_P11App.swift */ = {isa = PBXFileReference; lastKnownFileType = sourcecode.swift; path = ListByUrl_P11App.swift; sourceTree = "<group>"; };
		79FA2F46EC0CB12CB93DE3A2 /* ListByUrl_P11UITestsLaunchTests.swift */ = {isa = PBXFileReference; lastKnownFileType = sourcecode.swift; path = ListByUrl_P11UITestsLaunchTests.swift; sourceTree = "<group>"; };
		79FA2F83811759009F54C69F /* ContentView.swift */ = {isa = PBXFileReference; lastKnownFileType = sourcecode.swift; path = ContentView.swift; sourceTree = "<group>"; };
/* End PBXFileReference section */

/* Begin PBXFrameworksBuildPhase section */
		79FA23457F40488C5DB123EB /* Frameworks */ = {
			isa = PBXFrameworksBuildPhase;
			buildActionMask = 2147483647;
			files = (
			);
			runOnlyForDeploymentPostprocessing = 0;
		};
		79FA28EB8B341BF06C9BE71C /* Frameworks */ = {
			isa = PBXFrameworksBuildPhase;
			buildActionMask = 2147483647;
			files = (
			);
			runOnlyForDeploymentPostprocessing = 0;
		};
		79FA29D4E38F427533F5C216 /* Frameworks */ = {
			isa = PBXFrameworksBuildPhase;
			buildActionMask = 2147483647;
			files = (
			);
			runOnlyForDeploymentPostprocessing = 0;
		};
/* End PBXFrameworksBuildPhase section */

/* Begin PBXGroup section */
		79FA20A3D52F23293CB569DF /* Preview Content */ = {
			isa = PBXGroup;
			children = (
				79FA2325D03B7CF756688312 /* Preview Assets.xcassets */,
			);
			path = "Preview Content";
			sourceTree = "<group>";
		};
		79FA238086888E88AFB3341A /* Products */ = {
			isa = PBXGroup;
			children = (
				79FA26900C155A68F365686B /* ListByUrl_P11.app */,
				79FA2D3E12F98CC9ADBFC2BB /* ListByUrl_P11Tests.xctest */,
				79FA27DDDD8794D35FBAE0E6 /* ListByUrl_P11UITests.xctest */,
			);
			name = Products;
			sourceTree = "<group>";
		};
		79FA287756CCEA78DC4D99A7 = {
			isa = PBXGroup;
			children = (
				79FA238086888E88AFB3341A /* Products */,
				79FA29C791B2367CCEB0497C /* ListByUrl_P11 */,
				79FA2AE1C76D33D7D7C102DC /* ListByUrl_P11Tests */,
				79FA28FD4C1F30785DF44002 /* ListByUrl_P11UITests */,
			);
			sourceTree = "<group>";
		};
		79FA28FD4C1F30785DF44002 /* ListByUrl_P11UITests */ = {
			isa = PBXGroup;
			children = (
				79FA210015EF2C9A48E98E0D /* ListByUrl_P11UITests.swift */,
				79FA2F46EC0CB12CB93DE3A2 /* ListByUrl_P11UITestsLaunchTests.swift */,
			);
			path = ListByUrl_P11UITests;
			sourceTree = "<group>";
		};
		79FA29C791B2367CCEB0497C /* ListByUrl_P11 */ = {
			isa = PBXGroup;
			children = (
				79FA25932FC6D817B742C354 /* Assets.xcassets */,
				79FA20A3D52F23293CB569DF /* Preview Content */,
				79FA2EF7969EE353AEE8326E /* ListByUrl_P11App.swift */,
				79FA2F83811759009F54C69F /* ContentView.swift */,
			);
			path = ListByUrl_P11;
			sourceTree = "<group>";
		};
		79FA2AE1C76D33D7D7C102DC /* ListByUrl_P11Tests */ = {
			isa = PBXGroup;
			children = (
				79FA25D053FDB4888D4643AA /* ListByUrl_P11Tests.swift */,
			);
			path = ListByUrl_P11Tests;
			sourceTree = "<group>";
		};
/* End PBXGroup section */

/* Begin PBXNativeTarget section */
		79FA2C0060A980CA3E53551C /* ListByUrl_P11UITests */ = {
			isa = PBXNativeTarget;
			buildConfigurationList = 79FA2EBC52197A6FF95FFE5E /* Build configuration list for PBXNativeTarget "ListByUrl_P11UITests" */;
			buildPhases = (
				79FA22E2A44F9BBF38A982BE /* Sources */,
				79FA29D4E38F427533F5C216 /* Frameworks */,
				79FA237A5C88F09004E9DD8C /* Resources */,
			);
			buildRules = (
			);
			dependencies = (
				79FA2D499E554AE35E2D00AE /* PBXTargetDependency */,
			);
			name = ListByUrl_P11UITests;
			productName = ListByUrl_P11UITests;
			productReference = 79FA27DDDD8794D35FBAE0E6 /* ListByUrl_P11UITests.xctest */;
			productType = "com.apple.product-type.bundle.ui-testing";
		};
		79FA2CCA259F6DA565E11A5C /* ListByUrl_P11Tests */ = {
			isa = PBXNativeTarget;
			buildConfigurationList = 79FA21F224CD70CBCCBB59CD /* Build configuration list for PBXNativeTarget "ListByUrl_P11Tests" */;
			buildPhases = (
				79FA2447AA4A41E73CE17495 /* Sources */,
				79FA28EB8B341BF06C9BE71C /* Frameworks */,
				79FA21B3FFC695FC96605770 /* Resources */,
			);
			buildRules = (
			);
			dependencies = (
				79FA26E136D5078E6A4B3C80 /* PBXTargetDependency */,
			);
			name = ListByUrl_P11Tests;
			productName = ListByUrl_P11Tests;
			productReference = 79FA2D3E12F98CC9ADBFC2BB /* ListByUrl_P11Tests.xctest */;
			productType = "com.apple.product-type.bundle.unit-test";
		};
		79FA2ECE1AEA8801A56B45AA /* ListByUrl_P11 */ = {
			isa = PBXNativeTarget;
			buildConfigurationList = 79FA26352FDEA4029A51C62B /* Build configuration list for PBXNativeTarget "ListByUrl_P11" */;
			buildPhases = (
				79FA28CB4EE39CB0262B7E97 /* Sources */,
				79FA23457F40488C5DB123EB /* Frameworks */,
				79FA236ED4AD8523220396D0 /* Resources */,
			);
			buildRules = (
			);
			dependencies = (
			);
			name = ListByUrl_P11;
			productName = ListByUrl_P11;
			productReference = 79FA26900C155A68F365686B /* ListByUrl_P11.app */;
			productType = "com.apple.product-type.application";
		};
/* End PBXNativeTarget section */

/* Begin PBXProject section */
		79FA296796085820078CC1A1 /* Project object */ = {
			isa = PBXProject;
			buildConfigurationList = 79FA2C3F1E06EF8318CA67EA /* Build configuration list for PBXProject "ListByUrl_P11" */;
			compatibilityVersion = "Xcode 3.2";
			developmentRegion = English;
			hasScannedForEncodings = 0;
			knownRegions = (
				en,
			);
			mainGroup = 79FA287756CCEA78DC4D99A7;
			productRefGroup = 79FA238086888E88AFB3341A /* Products */;
			projectDirPath = "";
			projectRoot = "";
			targets = (
				79FA2ECE1AEA8801A56B45AA /* ListByUrl_P11 */,
				79FA2CCA259F6DA565E11A5C /* ListByUrl_P11Tests */,
				79FA2C0060A980CA3E53551C /* ListByUrl_P11UITests */,
			);
		};
/* End PBXProject section */

/* Begin PBXResourcesBuildPhase section */
		79FA21B3FFC695FC96605770 /* Resources */ = {
			isa = PBXResourcesBuildPhase;
			buildActionMask = 2147483647;
			files = (
			);
			runOnlyForDeploymentPostprocessing = 0;
		};
		79FA236ED4AD8523220396D0 /* Resources */ = {
			isa = PBXResourcesBuildPhase;
			buildActionMask = 2147483647;
			files = (
				79FA216EB0F3CDD37D0F64C7 /* Assets.xcassets in Resources */,
				79FA279E7C419C3C8A0F6CC2 /* Preview Assets.xcassets in Resources */,
			);
			runOnlyForDeploymentPostprocessing = 0;
		};
		79FA237A5C88F09004E9DD8C /* Resources */ = {
			isa = PBXResourcesBuildPhase;
			buildActionMask = 2147483647;
			files = (
			);
			runOnlyForDeploymentPostprocessing = 0;
		};
/* End PBXResourcesBuildPhase section */

/* Begin PBXSourcesBuildPhase section */
		79FA22E2A44F9BBF38A982BE /* Sources */ = {
			isa = PBXSourcesBuildPhase;
			buildActionMask = 2147483647;
			files = (
				79FA26559C55EA6014623CFB /* ListByUrl_P11UITests.swift in Sources */,
				79FA26686995F85A0AC83590 /* ListByUrl_P11UITestsLaunchTests.swift in Sources */,
			);
			runOnlyForDeploymentPostprocessing = 0;
		};
		79FA2447AA4A41E73CE17495 /* Sources */ = {
			isa = PBXSourcesBuildPhase;
			buildActionMask = 2147483647;
			files = (
				79FA22FAC849890CF6AD6B94 /* ListByUrl_P11Tests.swift in Sources */,
			);
			runOnlyForDeploymentPostprocessing = 0;
		};
		79FA28CB4EE39CB0262B7E97 /* Sources */ = {
			isa = PBXSourcesBuildPhase;
			buildActionMask = 2147483647;
			files = (
				79FA253E2D88706B2C1E7C81 /* ListByUrl_P11App.swift in Sources */,
				79FA23862486E467CECF8C77 /* ContentView.swift in Sources */,
			);
			runOnlyForDeploymentPostprocessing = 0;
		};
/* End PBXSourcesBuildPhase section */

/* Begin PBXTargetDependency section */
		79FA26E136D5078E6A4B3C80 /* PBXTargetDependency */ = {
			isa = PBXTargetDependency;
			target = 79FA2ECE1AEA8801A56B45AA /* ListByUrl_P11 */;
			targetProxy = 79FA2D768280A77E767B9C84 /* PBXContainerItemProxy */;
		};
		79FA2D499E554AE35E2D00AE /* PBXTargetDependency */ = {
			isa = PBXTargetDependency;
			target = 79FA2ECE1AEA8801A56B45AA /* ListByUrl_P11 */;
			targetProxy = 79FA2D2B80412405303EC80E /* PBXContainerItemProxy */;
		};
/* End PBXTargetDependency section */

/* Begin XCBuildConfiguration section */
		79FA2073229B542D1E8DEAB4 /* Release */ = {
			isa = XCBuildConfiguration;
			buildSettings = {
				ASSETCATALOG_COMPILER_APPICON_NAME = AppIcon;
				ASSETCATALOG_COMPILER_GLOBAL_ACCENT_COLOR_NAME = AccentColor;
				CURRENT_PROJECT_VERSION = 1;
				DEVELOPMENT_ASSET_PATHS = "\"ListByUrl_P11/Preview Content\"";
				ENABLE_PREVIEWS = YES;
				GENERATE_INFOPLIST_FILE = YES;
				INFOPLIST_KEY_UIApplicationSceneManifest_Generation = YES;
				INFOPLIST_KEY_UIApplicationSupportsIndirectInputEvents = YES;
				INFOPLIST_KEY_UILaunchScreen_Generation = YES;
				INFOPLIST_KEY_UISupportedInterfaceOrientations_iPad = "UIInterfaceOrientationPortrait UIInterfaceOrientationPortraitUpsideDown UIInterfaceOrientationLandscapeLeft UIInterfaceOrientationLandscapeRight";
				INFOPLIST_KEY_UISupportedInterfaceOrientations_iPhone = "UIInterfaceOrientationPortrait UIInterfaceOrientationLandscapeLeft UIInterfaceOrientationLandscapeRight";
				LD_RUNPATH_SEARCH_PATHS = "$(inherited) @executable_path/Frameworks";
				MARKETING_VERSION = 1.0;
				PRODUCT_BUNDLE_IDENTIFIER = "ch.codebros.ListByUrl-P11";
				PRODUCT_NAME = "$(TARGET_NAME)";
				SWIFT_EMIT_LOC_STRINGS = YES;
				SWIFT_VERSION = 5.0;
				TARGETED_DEVICE_FAMILY = "1,2";
			};
			name = Release;
		};
		79FA2074D3C2EE83BD4E9FEE /* Release */ = {
			isa = XCBuildConfiguration;
			buildSettings = {
				BUNDLE_LOADER = "$(BUILT_PRODUCTS_DIR)/ListByUrl_P11.app/ListByUrl_P11";
				CURRENT_PROJECT_VERSION = 1;
				GENERATE_INFOPLIST_FILE = YES;
				MARKETING_VERSION = 1.0;
				PRODUCT_BUNDLE_IDENTIFIER = "ch.codebros.ListByUrl-P11Tests";
				PRODUCT_NAME = "$(TARGET_NAME)";
				SWIFT_EMIT_LOC_STRINGS = NO;
				SWIFT_VERSION = 5.0;
				TARGETED_DEVICE_FAMILY = "1,2";
				TEST_HOST = "$(BUNDLE_LOADER)";
			};
			name = Release;
		};
		79FA20DF9257194053FE3653 /* Debug */ = {
			isa = XCBuildConfiguration;
			buildSettings = {
				CURRENT_PROJECT_VERSION = 1;
				GENERATE_INFOPLIST_FILE = YES;
				MARKETING_VERSION = 1.0;
				PRODUCT_BUNDLE_IDENTIFIER = "ch.codebros.ListByUrl-P11UITests";
				PRODUCT_NAME = "$(TARGET_NAME)";
				SWIFT_EMIT_LOC_STRINGS = NO;
				SWIFT_VERSION = 5.0;
				TARGETED_DEVICE_FAMILY = "1,2";
				TEST_TARGET_NAME = ListByUrl_P11;
			};
			name = Debug;
		};
		79FA261894FE097D90695AE4 /* Release */ = {
			isa = XCBuildConfiguration;
			buildSettings = {
				ALWAYS_SEARCH_USER_PATHS = NO;
				CLANG_ANALYZER_NONNULL = YES;
				CLANG_ANALYZER_NUMBER_OBJECT_CONVERSION = YES_AGGRESSIVE;
				CLANG_CXX_LANGUAGE_STANDARD = "gnu++20";
				CLANG_ENABLE_MODULES = YES;
				CLANG_ENABLE_OBJC_ARC = YES;
				CLANG_ENABLE_OBJC_WEAK = YES;
				CLANG_WARN_BLOCK_CAPTURE_AUTORELEASING = YES;
				CLANG_WARN_BOOL_CONVERSION = YES;
				CLANG_WARN_COMMA = YES;
				CLANG_WARN_CONSTANT_CONVERSION = YES;
				CLANG_WARN_DEPRECATED_OBJC_IMPLEMENTATIONS = YES;
				CLANG_WARN_DIRECT_OBJC_ISA_USAGE = YES_ERROR;
				CLANG_WARN_DOCUMENTATION_COMMENTS = YES;
				CLANG_WARN_EMPTY_BODY = YES;
				CLANG_WARN_ENUM_CONVERSION = YES;
				CLANG_WARN_INFINITE_RECURSION = YES;
				CLANG_WARN_INT_CONVERSION = YES;
				CLANG_WARN_NON_LITERAL_NULL_CONVERSION = YES;
				CLANG_WARN_OBJC_IMPLICIT_RETAIN_SELF = YES;
				CLANG_WARN_OBJC_LITERAL_CONVERSION = YES;
				CLANG_WARN_OBJC_ROOT_CLASS = YES_ERROR;
				CLANG_WARN_QUOTED_INCLUDE_IN_FRAMEWORK_HEADER = YES;
				CLANG_WARN_RANGE_LOOP_ANALYSIS = YES;
				CLANG_WARN_STRICT_PROTOTYPES = YES;
				CLANG_WARN_SUSPICIOUS_MOVE = YES;
				CLANG_WARN_UNGUARDED_AVAILABILITY = YES_AGGRESSIVE;
				CLANG_WARN_UNREACHABLE_CODE = YES;
				CLANG_WARN__DUPLICATE_METHOD_MATCH = YES;
				COPY_PHASE_STRIP = NO;
				DEBUG_INFORMATION_FORMAT = "dwarf-with-dsym";
				ENABLE_NS_ASSERTIONS = NO;
				ENABLE_STRICT_OBJC_MSGSEND = YES;
				GCC_C_LANGUAGE_STANDARD = gnu11;
				GCC_NO_COMMON_BLOCKS = YES;
				GCC_WARN_64_TO_32_BIT_CONVERSION = YES;
				GCC_WARN_ABOUT_RETURN_TYPE = YES_ERROR;
				GCC_WARN_UNDECLARED_SELECTOR = YES;
				GCC_WARN_UNINITIALIZED_AUTOS = YES_AGGRESSIVE;
				GCC_WARN_UNUSED_FUNCTION = YES;
				GCC_WARN_UNUSED_VARIABLE = YES;
				IPHONEOS_DEPLOYMENT_TARGET = 16.4;
				MTL_ENABLE_DEBUG_INFO = NO;
				MTL_FAST_MATH = YES;
				SDKROOT = iphoneos;
				SWIFT_COMPILATION_MODE = wholemodule;
				SWIFT_OPTIMIZATION_LEVEL = "-O";
				VALIDATE_PRODUCT = YES;
			};
			name = Release;
		};
		79FA2668D80E2520E10A799A /* Release */ = {
			isa = XCBuildConfiguration;
			buildSettings = {
				CURRENT_PROJECT_VERSION = 1;
				GENERATE_INFOPLIST_FILE = YES;
				MARKETING_VERSION = 1.0;
				PRODUCT_BUNDLE_IDENTIFIER = "ch.codebros.ListByUrl-P11UITests";
				PRODUCT_NAME = "$(TARGET_NAME)";
				SWIFT_EMIT_LOC_STRINGS = NO;
				SWIFT_VERSION = 5.0;
				TARGETED_DEVICE_FAMILY = "1,2";
				TEST_TARGET_NAME = ListByUrl_P11;
			};
			name = Release;
		};
		79FA270A32CA781D4BC36C84 /* Debug */ = {
			isa = XCBuildConfiguration;
			buildSettings = {
				ALWAYS_SEARCH_USER_PATHS = NO;
				CLANG_ANALYZER_NONNULL = YES;
				CLANG_ANALYZER_NUMBER_OBJECT_CONVERSION = YES_AGGRESSIVE;
				CLANG_CXX_LANGUAGE_STANDARD = "gnu++20";
				CLANG_ENABLE_MODULES = YES;
				CLANG_ENABLE_OBJC_ARC = YES;
				CLANG_ENABLE_OBJC_WEAK = YES;
				CLANG_WARN_BLOCK_CAPTURE_AUTORELEASING = YES;
				CLANG_WARN_BOOL_CONVERSION = YES;
				CLANG_WARN_COMMA = YES;
				CLANG_WARN_CONSTANT_CONVERSION = YES;
				CLANG_WARN_DEPRECATED_OBJC_IMPLEMENTATIONS = YES;
				CLANG_WARN_DIRECT_OBJC_ISA_USAGE = YES_ERROR;
				CLANG_WARN_DOCUMENTATION_COMMENTS = YES;
				CLANG_WARN_EMPTY_BODY = YES;
				CLANG_WARN_ENUM_CONVERSION = YES;
				CLANG_WARN_INFINITE_RECURSION = YES;
				CLANG_WARN_INT_CONVERSION = YES;
				CLANG_WARN_NON_LITERAL_NULL_CONVERSION = YES;
				CLANG_WARN_OBJC_IMPLICIT_RETAIN_SELF = YES;
				CLANG_WARN_OBJC_LITERAL_CONVERSION = YES;
				CLANG_WARN_OBJC_ROOT_CLASS = YES_ERROR;
				CLANG_WARN_QUOTED_INCLUDE_IN_FRAMEWORK_HEADER = YES;
				CLANG_WARN_RANGE_LOOP_ANALYSIS = YES;
				CLANG_WARN_STRICT_PROTOTYPES = YES;
				CLANG_WARN_SUSPICIOUS_MOVE = YES;
				CLANG_WARN_UNGUARDED_AVAILABILITY = YES_AGGRESSIVE;
				CLANG_WARN_UNREACHABLE_CODE = YES;
				CLANG_WARN__DUPLICATE_METHOD_MATCH = YES;
				COPY_PHASE_STRIP = NO;
				DEBUG_INFORMATION_FORMAT = dwarf;
				ENABLE_STRICT_OBJC_MSGSEND = YES;
				ENABLE_TESTABILITY = YES;
				GCC_C_LANGUAGE_STANDARD = gnu11;
				GCC_DYNAMIC_NO_PIC = NO;
				GCC_NO_COMMON_BLOCKS = YES;
				GCC_OPTIMIZATION_LEVEL = 0;
				GCC_PREPROCESSOR_DEFINITIONS = (
					"DEBUG=1",
					"$(inherited)",
				);
				GCC_WARN_64_TO_32_BIT_CONVERSION = YES;
				GCC_WARN_ABOUT_RETURN_TYPE = YES_ERROR;
				GCC_WARN_UNDECLARED_SELECTOR = YES;
				GCC_WARN_UNINITIALIZED_AUTOS = YES_AGGRESSIVE;
				GCC_WARN_UNUSED_FUNCTION = YES;
				GCC_WARN_UNUSED_VARIABLE = YES;
				IPHONEOS_DEPLOYMENT_TARGET = 16.4;
				MTL_ENABLE_DEBUG_INFO = INCLUDE_SOURCE;
				MTL_FAST_MATH = YES;
				ONLY_ACTIVE_ARCH = YES;
				SDKROOT = iphoneos;
				SWIFT_ACTIVE_COMPILATION_CONDITIONS = DEBUG;
				SWIFT_OPTIMIZATION_LEVEL = "-Onone";
			};
			name = Debug;
		};
		79FA292B8FB91176CD0F5730 /* Debug */ = {
			isa = XCBuildConfiguration;
			buildSettings = {
				ASSETCATALOG_COMPILER_APPICON_NAME = AppIcon;
				ASSETCATALOG_COMPILER_GLOBAL_ACCENT_COLOR_NAME = AccentColor;
				CURRENT_PROJECT_VERSION = 1;
				DEVELOPMENT_ASSET_PATHS = "\"ListByUrl_P11/Preview Content\"";
				ENABLE_PREVIEWS = YES;
				GENERATE_INFOPLIST_FILE = YES;
				INFOPLIST_KEY_UIApplicationSceneManifest_Generation = YES;
				INFOPLIST_KEY_UIApplicationSupportsIndirectInputEvents = YES;
				INFOPLIST_KEY_UILaunchScreen_Generation = YES;
				INFOPLIST_KEY_UISupportedInterfaceOrientations_iPad = "UIInterfaceOrientationPortrait UIInterfaceOrientationPortraitUpsideDown UIInterfaceOrientationLandscapeLeft UIInterfaceOrientationLandscapeRight";
				INFOPLIST_KEY_UISupportedInterfaceOrientations_iPhone = "UIInterfaceOrientationPortrait UIInterfaceOrientationLandscapeLeft UIInterfaceOrientationLandscapeRight";
				LD_RUNPATH_SEARCH_PATHS = "$(inherited) @executable_path/Frameworks";
				MARKETING_VERSION = 1.0;
				PRODUCT_BUNDLE_IDENTIFIER = "ch.codebros.ListByUrl-P11";
				PRODUCT_NAME = "$(TARGET_NAME)";
				SWIFT_EMIT_LOC_STRINGS = YES;
				SWIFT_VERSION = 5.0;
				TARGETED_DEVICE_FAMILY = "1,2";
			};
			name = Debug;
		};
		79FA2BD3F21086909A11AF25 /* Debug */ = {
			isa = XCBuildConfiguration;
			buildSettings = {
				BUNDLE_LOADER = "$(BUILT_PRODUCTS_DIR)/ListByUrl_P11.app/ListByUrl_P11";
				CURRENT_PROJECT_VERSION = 1;
				GENERATE_INFOPLIST_FILE = YES;
				MARKETING_VERSION = 1.0;
				PRODUCT_BUNDLE_IDENTIFIER = "ch.codebros.ListByUrl-P11Tests";
				PRODUCT_NAME = "$(TARGET_NAME)";
				SWIFT_EMIT_LOC_STRINGS = NO;
				SWIFT_VERSION = 5.0;
				TARGETED_DEVICE_FAMILY = "1,2";
				TEST_HOST = "$(BUNDLE_LOADER)";
			};
			name = Debug;
		};
/* End XCBuildConfiguration section */

/* Begin XCConfigurationList section */
		79FA21F224CD70CBCCBB59CD /* Build configuration list for PBXNativeTarget "ListByUrl_P11Tests" */ = {
			isa = XCConfigurationList;
			buildConfigurations = (
				79FA2BD3F21086909A11AF25 /* Debug */,
				79FA2074D3C2EE83BD4E9FEE /* Release */,
			);
			defaultConfigurationIsVisible = 0;
		};
		79FA26352FDEA4029A51C62B /* Build configuration list for PBXNativeTarget "ListByUrl_P11" */ = {
			isa = XCConfigurationList;
			buildConfigurations = (
				79FA292B8FB91176CD0F5730 /* Debug */,
				79FA2073229B542D1E8DEAB4 /* Release */,
			);
			defaultConfigurationIsVisible = 0;
		};
		79FA2C3F1E06EF8318CA67EA /* Build configuration list for PBXProject "ListByUrl_P11" */ = {
			isa = XCConfigurationList;
			buildConfigurations = (
				79FA270A32CA781D4BC36C84 /* Debug */,
				79FA261894FE097D90695AE4 /* Release */,
			);
			defaultConfigurationIsVisible = 0;
			defaultConfigurationName = Release;
		};
		79FA2EBC52197A6FF95FFE5E /* Build configuration list for PBXNativeTarget "ListByUrl_P11UITests" */ = {
			isa = XCConfigurationList;
			buildConfigurations = (
				79FA20DF9257194053FE3653 /* Debug */,
				79FA2668D80E2520E10A799A /* Release */,
			);
			defaultConfigurationIsVisible = 0;
		};
/* End XCConfigurationList section */
	};
	rootObject = 79FA296796085820078CC1A1 /* Project object */;
}
