<?xml version="1.0" encoding="UTF-8"?>
<Scheme
   version = "1.3">
   <BuildAction>
      <BuildActionEntries>
         <BuildActionEntry
            buildForRunning = "YES">
            <BuildableReference
               BuildableIdentifier = "primary"
               BlueprintIdentifier = "79FA2502428E72D71797FA4F"
               BuildableName = "GameOfLifeApp.app"
               BlueprintName = "GameOfLifeApp"
               ReferencedContainer = "container:GameOfLifeApp.xcodeproj">
            </BuildableReference>
         </BuildActionEntry>
      </BuildActionEntries>
   </BuildAction>
   <LaunchAction
      useCustomWorkingDirectory = "NO"
      buildConfiguration = "Debug"
      allowLocationSimulation = "YES">
      <BuildableProductRunnable>
         <BuildableReference
            BuildableIdentifier = "primary"
            BlueprintIdentifier = "79FA2502428E72D71797FA4F"
            BuildableName = "GameOfLifeApp.app"
            BlueprintName = "GameOfLifeApp"
            ReferencedContainer = "container:GameOfLifeApp.xcodeproj">
         </BuildableReference>
      </BuildableProductRunnable>
   </LaunchAction>
</Scheme>
