<?xml version="1.0" encoding="UTF-8"?>
<Scheme
   version = "1.3">
   <BuildAction>
      <BuildActionEntries>
         <BuildActionEntry
            buildForRunning = "YES">
            <BuildableReference
               BuildableIdentifier = "primary"
               BlueprintIdentifier = "79FA2A99A795F03796D04476"
               BuildableName = "CalculatorP9.app"
               BlueprintName = "CalculatorP9"
               ReferencedContainer = "container:CalculatorP9.xcodeproj">
            </BuildableReference>
         </BuildActionEntry>
      </BuildActionEntries>
   </BuildAction>
   <LaunchAction
      useCustomWorkingDirectory = "NO"
      buildConfiguration = "Debug"
      allowLocationSimulation = "YES">
      <BuildableProductRunnable>
         <BuildableReference
            BuildableIdentifier = "primary"
            BlueprintIdentifier = "79FA2A99A795F03796D04476"
            BuildableName = "CalculatorP9.app"
            BlueprintName = "CalculatorP9"
            ReferencedContainer = "container:CalculatorP9.xcodeproj">
         </BuildableReference>
      </BuildableProductRunnable>
   </LaunchAction>
</Scheme>
