// !$*UTF8*$!
{
	archiveVersion = 1;
	classes = {
	};
	objectVersion = 52;
	objects = {

/* Begin PBXBuildFile section */
		79FA23693828359B4F7DBB94 /* ContentView.swift in Sources */ = {isa = PBXBuildFile; fileRef = 79FA2A53B0B4F218ACB0D296 /* ContentView.swift */; };
		79FA23DEA732E7D4633D39DE /* User.swift in Sources */ = {isa = PBXBuildFile; fileRef = 79FA2A7E11055EC4BA567398 /* User.swift */; };
		79FA2431BCD5D64A93A4E698 /* DBTestAppApp.swift in Sources */ = {isa = PBXBuildFile; fileRef = 79FA2121D81F5F4E32C4B298 /* DBTestAppApp.swift */; };
		79FA252184E0C9894CEA37B5 /* DBModel.swift in Sources */ = {isa = PBXBuildFile; fileRef = 79FA27AA603816057513EC06 /* DBModel.swift */; };
		79FA2AADB94B4F1FC6F7D8F9 /* DBTestAppUITestsLaunchTests.swift in Sources */ = {isa = PBXBuildFile; fileRef = 79FA2F9594EED60F59176D13 /* DBTestAppUITestsLaunchTests.swift */; };
		79FA2B295C7395D2DD6E2607 /* DBTestAppUITests.swift in Sources */ = {isa = PBXBuildFile; fileRef = 79FA29A099122753C5C75C3E /* DBTestAppUITests.swift */; };
		79FA2D4C2DE1F007B851E106 /* DBTestAppTests.swift in Sources */ = {isa = PBXBuildFile; fileRef = 79FA22F25BE88862C9C8750C /* DBTestAppTests.swift */; };
		79FA2EA1687F9EDFD716D889 /* Assets.xcassets in Resources */ = {isa = PBXBuildFile; fileRef = 79FA2FAECFBBB6691D8C3610 /* Assets.xcassets */; };
		79FA2EE74D1044DE2A7D8822 /* Preview Assets.xcassets in Resources */ = {isa = PBXBuildFile; fileRef = 79FA2CF7AFE6C2869C5D571B /* Preview Assets.xcassets */; };
		FC5431E42A0A3D03008E7B07 /* SQLite in Frameworks */ = {isa = PBXBuildFile; productRef = FC5431E32A0A3D03008E7B07 /* SQLite */; };
/* End PBXBuildFile section */

/* Begin PBXContainerItemProxy section */
		79FA20245D77D6231B451A28 /* PBXContainerItemProxy */ = {
			isa = PBXContainerItemProxy;
			containerPortal = 79FA2F2937518992921F7E5F /* Project object */;
			proxyType = 1;
			remoteGlobalIDString = 79FA298B512A59F81C6EF813;
			remoteInfo = DBTestApp;
		};
		79FA2094E42B5ADF64181E4C /* PBXContainerItemProxy */ = {
			isa = PBXContainerItemProxy;
			containerPortal = 79FA2F2937518992921F7E5F /* Project object */;
			proxyType = 1;
			remoteGlobalIDString = 79FA298B512A59F81C6EF813;
			remoteInfo = DBTestApp;
		};
/* End PBXContainerItemProxy section */

/* Begin PBXFileReference section */
		79FA2121D81F5F4E32C4B298 /* DBTestAppApp.swift */ = {isa = PBXFileReference; lastKnownFileType = sourcecode.swift; path = DBTestAppApp.swift; sourceTree = "<group>"; };
		79FA22F25BE88862C9C8750C /* DBTestAppTests.swift */ = {isa = PBXFileReference; lastKnownFileType = sourcecode.swift; path = DBTestAppTests.swift; sourceTree = "<group>"; };
		79FA25D68889FDA86C93EA9B /* DBTestAppTests.xctest */ = {isa = PBXFileReference; explicitFileType = wrapper.cfbundle; includeInIndex = 0; path = DBTestAppTests.xctest; sourceTree = BUILT_PRODUCTS_DIR; };
		79FA27AA603816057513EC06 /* DBModel.swift */ = {isa = PBXFileReference; fileEncoding = 4; lastKnownFileType = sourcecode.swift; path = DBModel.swift; sourceTree = "<group>"; };
		79FA287FDC2CAC0DB5CD0CFA /* DBTestApp.app */ = {isa = PBXFileReference; explicitFileType = wrapper.application; includeInIndex = 0; path = DBTestApp.app; sourceTree = BUILT_PRODUCTS_DIR; };
		79FA29A099122753C5C75C3E /* DBTestAppUITests.swift */ = {isa = PBXFileReference; lastKnownFileType = sourcecode.swift; path = DBTestAppUITests.swift; sourceTree = "<group>"; };
		79FA29D7D330224A36B1E8AE /* DBTestAppUITests.xctest */ = {isa = PBXFileReference; explicitFileType = wrapper.cfbundle; includeInIndex = 0; path = DBTestAppUITests.xctest; sourceTree = BUILT_PRODUCTS_DIR; };
		79FA2A53B0B4F218ACB0D296 /* ContentView.swift */ = {isa = PBXFileReference; lastKnownFileType = sourcecode.swift; path = ContentView.swift; sourceTree = "<group>"; };
		79FA2A7E11055EC4BA567398 /* User.swift */ = {isa = PBXFileReference; fileEncoding = 4; lastKnownFileType = sourcecode.swift; path = User.swift; sourceTree = "<group>"; };
		79FA2CF7AFE6C2869C5D571B /* Preview Assets.xcassets */ = {isa = PBXFileReference; lastKnownFileType = folder.assetcatalog; path = "Preview Assets.xcassets"; sourceTree = "<group>"; };
		79FA2F9594EED60F59176D13 /* DBTestAppUITestsLaunchTests.swift */ = {isa = PBXFileReference; lastKnownFileType = sourcecode.swift; path = DBTestAppUITestsLaunchTests.swift; sourceTree = "<group>"; };
		79FA2FAECFBBB6691D8C3610 /* Assets.xcassets */ = {isa = PBXFileReference; lastKnownFileType = folder.assetcatalog; path = Assets.xcassets; sourceTree = "<group>"; };
/* End PBXFileReference section */

/* Begin PBXFrameworksBuildPhase section */
		79FA224F244BA46D3E5C4856 /* Frameworks */ = {
			isa = PBXFrameworksBuildPhase;
			buildActionMask = 2147483647;
			files = (
				FC5431E42A0A3D03008E7B07 /* SQLite in Frameworks */,
			);
			runOnlyForDeploymentPostprocessing = 0;
		};
		79FA2E550AC396304805B715 /* Frameworks */ = {
			isa = PBXFrameworksBuildPhase;
			buildActionMask = 2147483647;
			files = (
			);
			runOnlyForDeploymentPostprocessing = 0;
		};
		79FA2E8E69C14854727AB9AA /* Frameworks */ = {
			isa = PBXFrameworksBuildPhase;
			buildActionMask = 2147483647;
			files = (
			);
			runOnlyForDeploymentPostprocessing = 0;
		};
/* End PBXFrameworksBuildPhase section */

/* Begin PBXGroup section */
		79FA22CEDD282D4FC5A129C8 /* Preview Content */ = {
			isa = PBXGroup;
			children = (
				79FA2CF7AFE6C2869C5D571B /* Preview Assets.xcassets */,
			);
			path = "Preview Content";
			sourceTree = "<group>";
		};
		79FA23E2E490E0ED2CA6C27B /* Products */ = {
			isa = PBXGroup;
			children = (
				79FA287FDC2CAC0DB5CD0CFA /* DBTestApp.app */,
				79FA25D68889FDA86C93EA9B /* DBTestAppTests.xctest */,
				79FA29D7D330224A36B1E8AE /* DBTestAppUITests.xctest */,
			);
			name = Products;
			sourceTree = "<group>";
		};
		79FA295119355E1CA8BB589C /* DBTestAppTests */ = {
			isa = PBXGroup;
			children = (
				79FA22F25BE88862C9C8750C /* DBTestAppTests.swift */,
			);
			path = DBTestAppTests;
			sourceTree = "<group>";
		};
		79FA29F07D6C868BB535BD64 = {
			isa = PBXGroup;
			children = (
				79FA23E2E490E0ED2CA6C27B /* Products */,
				79FA2CF638A567F2CF18B806 /* DBTestApp */,
				79FA295119355E1CA8BB589C /* DBTestAppTests */,
				79FA2A7A96E47921F89E7DD3 /* DBTestAppUITests */,
			);
			sourceTree = "<group>";
		};
		79FA2A7A96E47921F89E7DD3 /* DBTestAppUITests */ = {
			isa = PBXGroup;
			children = (
				79FA29A099122753C5C75C3E /* DBTestAppUITests.swift */,
				79FA2F9594EED60F59176D13 /* DBTestAppUITestsLaunchTests.swift */,
			);
			path = DBTestAppUITests;
			sourceTree = "<group>";
		};
		79FA2CF638A567F2CF18B806 /* DBTestApp */ = {
			isa = PBXGroup;
			children = (
				79FA2FAECFBBB6691D8C3610 /* Assets.xcassets */,
				79FA22CEDD282D4FC5A129C8 /* Preview Content */,
				79FA2121D81F5F4E32C4B298 /* DBTestAppApp.swift */,
				79FA2A53B0B4F218ACB0D296 /* ContentView.swift */,
				79FA27AA603816057513EC06 /* DBModel.swift */,
				79FA2A7E11055EC4BA567398 /* User.swift */,
			);
			path = DBTestApp;
			sourceTree = "<group>";
		};
/* End PBXGroup section */

/* Begin PBXNativeTarget section */
		79FA24E3D7175827ED876575 /* DBTestAppTests */ = {
			isa = PBXNativeTarget;
			buildConfigurationList = 79FA298765E1056CCC5EBC55 /* Build configuration list for PBXNativeTarget "DBTestAppTests" */;
			buildPhases = (
				79FA242B08515C7A2A45F839 /* Sources */,
				79FA2E550AC396304805B715 /* Frameworks */,
				79FA2517A1EDE38F27F731EC /* Resources */,
			);
			buildRules = (
			);
			dependencies = (
				79FA25A16E871D1944E3908B /* PBXTargetDependency */,
			);
			name = DBTestAppTests;
			productName = DBTestAppTests;
			productReference = 79FA25D68889FDA86C93EA9B /* DBTestAppTests.xctest */;
			productType = "com.apple.product-type.bundle.unit-test";
		};
		79FA298B512A59F81C6EF813 /* DBTestApp */ = {
			isa = PBXNativeTarget;
			buildConfigurationList = 79FA254311F0860C0ED42EB1 /* Build configuration list for PBXNativeTarget "DBTestApp" */;
			buildPhases = (
				79FA24398CAA39E631ECF04B /* Sources */,
				79FA224F244BA46D3E5C4856 /* Frameworks */,
				79FA2FBD88C22DDC33A5F5E0 /* Resources */,
			);
			buildRules = (
			);
			dependencies = (
			);
			name = DBTestApp;
			packageProductDependencies = (
				FC5431E32A0A3D03008E7B07 /* SQLite */,
			);
			productName = DBTestApp;
			productReference = 79FA287FDC2CAC0DB5CD0CFA /* DBTestApp.app */;
			productType = "com.apple.product-type.application";
		};
		79FA2A283E6EBFF70CB10B0F /* DBTestAppUITests */ = {
			isa = PBXNativeTarget;
			buildConfigurationList = 79FA2A119243CE0B6C46B9B6 /* Build configuration list for PBXNativeTarget "DBTestAppUITests" */;
			buildPhases = (
				79FA2B33D59DCAEB64407A47 /* Sources */,
				79FA2E8E69C14854727AB9AA /* Frameworks */,
				79FA27D9637C792F05C7F9BD /* Resources */,
			);
			buildRules = (
			);
			dependencies = (
				79FA2A682A582C3543F57170 /* PBXTargetDependency */,
			);
			name = DBTestAppUITests;
			productName = DBTestAppUITests;
			productReference = 79FA29D7D330224A36B1E8AE /* DBTestAppUITests.xctest */;
			productType = "com.apple.product-type.bundle.ui-testing";
		};
/* End PBXNativeTarget section */

/* Begin PBXProject section */
		79FA2F2937518992921F7E5F /* Project object */ = {
			isa = PBXProject;
			attributes = {
			};
			buildConfigurationList = 79FA2D18DA6A9FA5E241E11A /* Build configuration list for PBXProject "DBTestApp" */;
			compatibilityVersion = "Xcode 3.2";
			developmentRegion = English;
			hasScannedForEncodings = 0;
			knownRegions = (
				English,
				en,
			);
			mainGroup = 79FA29F07D6C868BB535BD64;
			packageReferences = (
				FC5431E22A0A3D03008E7B07 /* XCRemoteSwiftPackageReference "SQLite.swift" */,
			);
			productRefGroup = 79FA23E2E490E0ED2CA6C27B /* Products */;
			projectDirPath = "";
			projectRoot = "";
			targets = (
				79FA298B512A59F81C6EF813 /* DBTestApp */,
				79FA24E3D7175827ED876575 /* DBTestAppTests */,
				79FA2A283E6EBFF70CB10B0F /* DBTestAppUITests */,
			);
		};
/* End PBXProject section */

/* Begin PBXResourcesBuildPhase section */
		79FA2517A1EDE38F27F731EC /* Resources */ = {
			isa = PBXResourcesBuildPhase;
			buildActionMask = 2147483647;
			files = (
			);
			runOnlyForDeploymentPostprocessing = 0;
		};
		79FA27D9637C792F05C7F9BD /* Resources */ = {
			isa = PBXResourcesBuildPhase;
			buildActionMask = 2147483647;
			files = (
			);
			runOnlyForDeploymentPostprocessing = 0;
		};
		79FA2FBD88C22DDC33A5F5E0 /* Resources */ = {
			isa = PBXResourcesBuildPhase;
			buildActionMask = 2147483647;
			files = (
				79FA2EA1687F9EDFD716D889 /* Assets.xcassets in Resources */,
				79FA2EE74D1044DE2A7D8822 /* Preview Assets.xcassets in Resources */,
			);
			runOnlyForDeploymentPostprocessing = 0;
		};
/* End PBXResourcesBuildPhase section */

/* Begin PBXSourcesBuildPhase section */
		79FA242B08515C7A2A45F839 /* Sources */ = {
			isa = PBXSourcesBuildPhase;
			buildActionMask = 2147483647;
			files = (
				79FA2D4C2DE1F007B851E106 /* DBTestAppTests.swift in Sources */,
			);
			runOnlyForDeploymentPostprocessing = 0;
		};
		79FA24398CAA39E631ECF04B /* Sources */ = {
			isa = PBXSourcesBuildPhase;
			buildActionMask = 2147483647;
			files = (
				79FA2431BCD5D64A93A4E698 /* DBTestAppApp.swift in Sources */,
				79FA23693828359B4F7DBB94 /* ContentView.swift in Sources */,
				79FA252184E0C9894CEA37B5 /* DBModel.swift in Sources */,
				79FA23DEA732E7D4633D39DE /* User.swift in Sources */,
			);
			runOnlyForDeploymentPostprocessing = 0;
		};
		79FA2B33D59DCAEB64407A47 /* Sources */ = {
			isa = PBXSourcesBuildPhase;
			buildActionMask = 2147483647;
			files = (
				79FA2B295C7395D2DD6E2607 /* DBTestAppUITests.swift in Sources */,
				79FA2AADB94B4F1FC6F7D8F9 /* DBTestAppUITestsLaunchTests.swift in Sources */,
			);
			runOnlyForDeploymentPostprocessing = 0;
		};
/* End PBXSourcesBuildPhase section */

/* Begin PBXTargetDependency section */
		79FA25A16E871D1944E3908B /* PBXTargetDependency */ = {
			isa = PBXTargetDependency;
			target = 79FA298B512A59F81C6EF813 /* DBTestApp */;
			targetProxy = 79FA20245D77D6231B451A28 /* PBXContainerItemProxy */;
		};
		79FA2A682A582C3543F57170 /* PBXTargetDependency */ = {
			isa = PBXTargetDependency;
			target = 79FA298B512A59F81C6EF813 /* DBTestApp */;
			targetProxy = 79FA2094E42B5ADF64181E4C /* PBXContainerItemProxy */;
		};
/* End PBXTargetDependency section */

/* Begin XCBuildConfiguration section */
		79FA20138E07250D0A41DCCD /* Release */ = {
			isa = XCBuildConfiguration;
			buildSettings = {
				BUNDLE_LOADER = "$(BUILT_PRODUCTS_DIR)/DBTestApp.app/DBTestApp";
				CURRENT_PROJECT_VERSION = 1;
				GENERATE_INFOPLIST_FILE = YES;
				MARKETING_VERSION = 1.0;
				PRODUCT_BUNDLE_IDENTIFIER = ch.codebros.DBTestAppTests;
				PRODUCT_NAME = "$(TARGET_NAME)";
				SWIFT_EMIT_LOC_STRINGS = NO;
				SWIFT_VERSION = 5.0;
				TARGETED_DEVICE_FAMILY = "1,2";
				TEST_HOST = "$(BUNDLE_LOADER)";
			};
			name = Release;
		};
		79FA2032B10D544DCE36A565 /* Debug */ = {
			isa = XCBuildConfiguration;
			buildSettings = {
				ASSETCATALOG_COMPILER_APPICON_NAME = AppIcon;
				ASSETCATALOG_COMPILER_GLOBAL_ACCENT_COLOR_NAME = AccentColor;
				CURRENT_PROJECT_VERSION = 1;
				DEVELOPMENT_ASSET_PATHS = "\"DBTestApp/Preview Content\"";
				ENABLE_PREVIEWS = YES;
				GENERATE_INFOPLIST_FILE = YES;
				INFOPLIST_KEY_UIApplicationSceneManifest_Generation = YES;
				INFOPLIST_KEY_UIApplicationSupportsIndirectInputEvents = YES;
				INFOPLIST_KEY_UILaunchScreen_Generation = YES;
				INFOPLIST_KEY_UISupportedInterfaceOrientations_iPad = "UIInterfaceOrientationPortrait UIInterfaceOrientationPortraitUpsideDown UIInterfaceOrientationLandscapeLeft UIInterfaceOrientationLandscapeRight";
				INFOPLIST_KEY_UISupportedInterfaceOrientations_iPhone = "UIInterfaceOrientationPortrait UIInterfaceOrientationLandscapeLeft UIInterfaceOrientationLandscapeRight";
				LD_RUNPATH_SEARCH_PATHS = (
					"$(inherited)",
					"@executable_path/Frameworks",
				);
				MARKETING_VERSION = 1.0;
				PRODUCT_BUNDLE_IDENTIFIER = ch.codebros.DBTestApp;
				PRODUCT_NAME = "$(TARGET_NAME)";
				SWIFT_EMIT_LOC_STRINGS = YES;
				SWIFT_VERSION = 5.0;
				TARGETED_DEVICE_FAMILY = "1,2";
			};
			name = Debug;
		};
		79FA220F20818143EB24191F /* Debug */ = {
			isa = XCBuildConfiguration;
			buildSettings = {
				CURRENT_PROJECT_VERSION = 1;
				GENERATE_INFOPLIST_FILE = YES;
				MARKETING_VERSION = 1.0;
				PRODUCT_BUNDLE_IDENTIFIER = ch.codebros.DBTestAppUITests;
				PRODUCT_NAME = "$(TARGET_NAME)";
				SWIFT_EMIT_LOC_STRINGS = NO;
				SWIFT_VERSION = 5.0;
				TARGETED_DEVICE_FAMILY = "1,2";
				TEST_TARGET_NAME = DBTestApp;
			};
			name = Debug;
		};
		79FA227C947EC72B47DC7900 /* Release */ = {
			isa = XCBuildConfiguration;
			buildSettings = {
				ASSETCATALOG_COMPILER_APPICON_NAME = AppIcon;
				ASSETCATALOG_COMPILER_GLOBAL_ACCENT_COLOR_NAME = AccentColor;
				CURRENT_PROJECT_VERSION = 1;
				DEVELOPMENT_ASSET_PATHS = "\"DBTestApp/Preview Content\"";
				ENABLE_PREVIEWS = YES;
				GENERATE_INFOPLIST_FILE = YES;
				INFOPLIST_KEY_UIApplicationSceneManifest_Generation = YES;
				INFOPLIST_KEY_UIApplicationSupportsIndirectInputEvents = YES;
				INFOPLIST_KEY_UILaunchScreen_Generation = YES;
				INFOPLIST_KEY_UISupportedInterfaceOrientations_iPad = "UIInterfaceOrientationPortrait UIInterfaceOrientationPortraitUpsideDown UIInterfaceOrientationLandscapeLeft UIInterfaceOrientationLandscapeRight";
				INFOPLIST_KEY_UISupportedInterfaceOrientations_iPhone = "UIInterfaceOrientationPortrait UIInterfaceOrientationLandscapeLeft UIInterfaceOrientationLandscapeRight";
				LD_RUNPATH_SEARCH_PATHS = (
					"$(inherited)",
					"@executable_path/Frameworks",
				);
				MARKETING_VERSION = 1.0;
				PRODUCT_BUNDLE_IDENTIFIER = ch.codebros.DBTestApp;
				PRODUCT_NAME = "$(TARGET_NAME)";
				SWIFT_EMIT_LOC_STRINGS = YES;
				SWIFT_VERSION = 5.0;
				TARGETED_DEVICE_FAMILY = "1,2";
			};
			name = Release;
		};
		79FA228D36DBC918A633EB29 /* Release */ = {
			isa = XCBuildConfiguration;
			buildSettings = {
				CURRENT_PROJECT_VERSION = 1;
				GENERATE_INFOPLIST_FILE = YES;
				MARKETING_VERSION = 1.0;
				PRODUCT_BUNDLE_IDENTIFIER = ch.codebros.DBTestAppUITests;
				PRODUCT_NAME = "$(TARGET_NAME)";
				SWIFT_EMIT_LOC_STRINGS = NO;
				SWIFT_VERSION = 5.0;
				TARGETED_DEVICE_FAMILY = "1,2";
				TEST_TARGET_NAME = DBTestApp;
			};
			name = Release;
		};
		79FA25A3264A6CB496FE63E9 /* Release */ = {
			isa = XCBuildConfiguration;
			buildSettings = {
				ALWAYS_SEARCH_USER_PATHS = NO;
				CLANG_ANALYZER_NONNULL = YES;
				CLANG_ANALYZER_NUMBER_OBJECT_CONVERSION = YES_AGGRESSIVE;
				CLANG_CXX_LANGUAGE_STANDARD = "gnu++20";
				CLANG_ENABLE_MODULES = YES;
				CLANG_ENABLE_OBJC_ARC = YES;
				CLANG_ENABLE_OBJC_WEAK = YES;
				CLANG_WARN_BLOCK_CAPTURE_AUTORELEASING = YES;
				CLANG_WARN_BOOL_CONVERSION = YES;
				CLANG_WARN_COMMA = YES;
				CLANG_WARN_CONSTANT_CONVERSION = YES;
				CLANG_WARN_DEPRECATED_OBJC_IMPLEMENTATIONS = YES;
				CLANG_WARN_DIRECT_OBJC_ISA_USAGE = YES_ERROR;
				CLANG_WARN_DOCUMENTATION_COMMENTS = YES;
				CLANG_WARN_EMPTY_BODY = YES;
				CLANG_WARN_ENUM_CONVERSION = YES;
				CLANG_WARN_INFINITE_RECURSION = YES;
				CLANG_WARN_INT_CONVERSION = YES;
				CLANG_WARN_NON_LITERAL_NULL_CONVERSION = YES;
				CLANG_WARN_OBJC_IMPLICIT_RETAIN_SELF = YES;
				CLANG_WARN_OBJC_LITERAL_CONVERSION = YES;
				CLANG_WARN_OBJC_ROOT_CLASS = YES_ERROR;
				CLANG_WARN_QUOTED_INCLUDE_IN_FRAMEWORK_HEADER = YES;
				CLANG_WARN_RANGE_LOOP_ANALYSIS = YES;
				CLANG_WARN_STRICT_PROTOTYPES = YES;
				CLANG_WARN_SUSPICIOUS_MOVE = YES;
				CLANG_WARN_UNGUARDED_AVAILABILITY = YES_AGGRESSIVE;
				CLANG_WARN_UNREACHABLE_CODE = YES;
				CLANG_WARN__DUPLICATE_METHOD_MATCH = YES;
				COPY_PHASE_STRIP = NO;
				DEBUG_INFORMATION_FORMAT = "dwarf-with-dsym";
				ENABLE_NS_ASSERTIONS = NO;
				ENABLE_STRICT_OBJC_MSGSEND = YES;
				GCC_C_LANGUAGE_STANDARD = gnu11;
				GCC_NO_COMMON_BLOCKS = YES;
				GCC_WARN_64_TO_32_BIT_CONVERSION = YES;
				GCC_WARN_ABOUT_RETURN_TYPE = YES_ERROR;
				GCC_WARN_UNDECLARED_SELECTOR = YES;
				GCC_WARN_UNINITIALIZED_AUTOS = YES_AGGRESSIVE;
				GCC_WARN_UNUSED_FUNCTION = YES;
				GCC_WARN_UNUSED_VARIABLE = YES;
				IPHONEOS_DEPLOYMENT_TARGET = 16.4;
				MTL_ENABLE_DEBUG_INFO = NO;
				MTL_FAST_MATH = YES;
				SDKROOT = iphoneos;
				SWIFT_COMPILATION_MODE = wholemodule;
				SWIFT_OPTIMIZATION_LEVEL = "-O";
				VALIDATE_PRODUCT = YES;
			};
			name = Release;
		};
		79FA2690BCD4360039A5004E /* Debug */ = {
			isa = XCBuildConfiguration;
			buildSettings = {
				ALWAYS_SEARCH_USER_PATHS = NO;
				CLANG_ANALYZER_NONNULL = YES;
				CLANG_ANALYZER_NUMBER_OBJECT_CONVERSION = YES_AGGRESSIVE;
				CLANG_CXX_LANGUAGE_STANDARD = "gnu++20";
				CLANG_ENABLE_MODULES = YES;
				CLANG_ENABLE_OBJC_ARC = YES;
				CLANG_ENABLE_OBJC_WEAK = YES;
				CLANG_WARN_BLOCK_CAPTURE_AUTORELEASING = YES;
				CLANG_WARN_BOOL_CONVERSION = YES;
				CLANG_WARN_COMMA = YES;
				CLANG_WARN_CONSTANT_CONVERSION = YES;
				CLANG_WARN_DEPRECATED_OBJC_IMPLEMENTATIONS = YES;
				CLANG_WARN_DIRECT_OBJC_ISA_USAGE = YES_ERROR;
				CLANG_WARN_DOCUMENTATION_COMMENTS = YES;
				CLANG_WARN_EMPTY_BODY = YES;
				CLANG_WARN_ENUM_CONVERSION = YES;
				CLANG_WARN_INFINITE_RECURSION = YES;
				CLANG_WARN_INT_CONVERSION = YES;
				CLANG_WARN_NON_LITERAL_NULL_CONVERSION = YES;
				CLANG_WARN_OBJC_IMPLICIT_RETAIN_SELF = YES;
				CLANG_WARN_OBJC_LITERAL_CONVERSION = YES;
				CLANG_WARN_OBJC_ROOT_CLASS = YES_ERROR;
				CLANG_WARN_QUOTED_INCLUDE_IN_FRAMEWORK_HEADER = YES;
				CLANG_WARN_RANGE_LOOP_ANALYSIS = YES;
				CLANG_WARN_STRICT_PROTOTYPES = YES;
				CLANG_WARN_SUSPICIOUS_MOVE = YES;
				CLANG_WARN_UNGUARDED_AVAILABILITY = YES_AGGRESSIVE;
				CLANG_WARN_UNREACHABLE_CODE = YES;
				CLANG_WARN__DUPLICATE_METHOD_MATCH = YES;
				COPY_PHASE_STRIP = NO;
				DEBUG_INFORMATION_FORMAT = dwarf;
				ENABLE_STRICT_OBJC_MSGSEND = YES;
				ENABLE_TESTABILITY = YES;
				GCC_C_LANGUAGE_STANDARD = gnu11;
				GCC_DYNAMIC_NO_PIC = NO;
				GCC_NO_COMMON_BLOCKS = YES;
				GCC_OPTIMIZATION_LEVEL = 0;
				GCC_PREPROCESSOR_DEFINITIONS = (
					"DEBUG=1",
					"$(inherited)",
				);
				GCC_WARN_64_TO_32_BIT_CONVERSION = YES;
				GCC_WARN_ABOUT_RETURN_TYPE = YES_ERROR;
				GCC_WARN_UNDECLARED_SELECTOR = YES;
				GCC_WARN_UNINITIALIZED_AUTOS = YES_AGGRESSIVE;
				GCC_WARN_UNUSED_FUNCTION = YES;
				GCC_WARN_UNUSED_VARIABLE = YES;
				IPHONEOS_DEPLOYMENT_TARGET = 16.4;
				MTL_ENABLE_DEBUG_INFO = INCLUDE_SOURCE;
				MTL_FAST_MATH = YES;
				ONLY_ACTIVE_ARCH = YES;
				SDKROOT = iphoneos;
				SWIFT_ACTIVE_COMPILATION_CONDITIONS = DEBUG;
				SWIFT_OPTIMIZATION_LEVEL = "-Onone";
			};
			name = Debug;
		};
		79FA28FCBB6520D9FF4CC2E7 /* Debug */ = {
			isa = XCBuildConfiguration;
			buildSettings = {
				BUNDLE_LOADER = "$(BUILT_PRODUCTS_DIR)/DBTestApp.app/DBTestApp";
				CURRENT_PROJECT_VERSION = 1;
				GENERATE_INFOPLIST_FILE = YES;
				MARKETING_VERSION = 1.0;
				PRODUCT_BUNDLE_IDENTIFIER = ch.codebros.DBTestAppTests;
				PRODUCT_NAME = "$(TARGET_NAME)";
				SWIFT_EMIT_LOC_STRINGS = NO;
				SWIFT_VERSION = 5.0;
				TARGETED_DEVICE_FAMILY = "1,2";
				TEST_HOST = "$(BUNDLE_LOADER)";
			};
			name = Debug;
		};
/* End XCBuildConfiguration section */

/* Begin XCConfigurationList section */
		79FA254311F0860C0ED42EB1 /* Build configuration list for PBXNativeTarget "DBTestApp" */ = {
			isa = XCConfigurationList;
			buildConfigurations = (
				79FA2032B10D544DCE36A565 /* Debug */,
				79FA227C947EC72B47DC7900 /* Release */,
			);
			defaultConfigurationIsVisible = 0;
			defaultConfigurationName = Release;
		};
		79FA298765E1056CCC5EBC55 /* Build configuration list for PBXNativeTarget "DBTestAppTests" */ = {
			isa = XCConfigurationList;
			buildConfigurations = (
				79FA28FCBB6520D9FF4CC2E7 /* Debug */,
				79FA20138E07250D0A41DCCD /* Release */,
			);
			defaultConfigurationIsVisible = 0;
			defaultConfigurationName = Release;
		};
		79FA2A119243CE0B6C46B9B6 /* Build configuration list for PBXNativeTarget "DBTestAppUITests" */ = {
			isa = XCConfigurationList;
			buildConfigurations = (
				79FA220F20818143EB24191F /* Debug */,
				79FA228D36DBC918A633EB29 /* Release */,
			);
			defaultConfigurationIsVisible = 0;
			defaultConfigurationName = Release;
		};
		79FA2D18DA6A9FA5E241E11A /* Build configuration list for PBXProject "DBTestApp" */ = {
			isa = XCConfigurationList;
			buildConfigurations = (
				79FA2690BCD4360039A5004E /* Debug */,
				79FA25A3264A6CB496FE63E9 /* Release */,
			);
			defaultConfigurationIsVisible = 0;
			defaultConfigurationName = Release;
		};
/* End XCConfigurationList section */

/* Begin XCRemoteSwiftPackageReference section */
		FC5431E22A0A3D03008E7B07 /* XCRemoteSwiftPackageReference "SQLite.swift" */ = {
			isa = XCRemoteSwiftPackageReference;
			repositoryURL = "https://github.com/stephencelis/SQLite.swift";
			requirement = {
				kind = upToNextMajorVersion;
				minimumVersion = 0.14.1;
			};
		};
/* End XCRemoteSwiftPackageReference section */

/* Begin XCSwiftPackageProductDependency section */
		FC5431E32A0A3D03008E7B07 /* SQLite */ = {
			isa = XCSwiftPackageProductDependency;
			package = FC5431E22A0A3D03008E7B07 /* XCRemoteSwiftPackageReference "SQLite.swift" */;
			productName = SQLite;
		};
/* End XCSwiftPackageProductDependency section */
	};
	rootObject = 79FA2F2937518992921F7E5F /* Project object */;
}
