<?xml version="1.0" encoding="UTF-8"?>
<Scheme
   version = "1.3">
   <BuildAction>
      <BuildActionEntries>
         <BuildActionEntry
            buildForRunning = "YES">
            <BuildableReference
               BuildableIdentifier = "primary"
               BlueprintIdentifier = "79FA210293CCF8F9E38C0A73"
               BuildableName = "autoScreenShoter.app"
               BlueprintName = "autoScreenShoter"
               ReferencedContainer = "container:autoScreenShoter.xcodeproj">
            </BuildableReference>
         </BuildActionEntry>
      </BuildActionEntries>
   </BuildAction>
   <LaunchAction
      useCustomWorkingDirectory = "NO"
      buildConfiguration = "Debug"
      allowLocationSimulation = "YES">
      <BuildableProductRunnable>
         <BuildableReference
            BuildableIdentifier = "primary"
            BlueprintIdentifier = "79FA210293CCF8F9E38C0A73"
            BuildableName = "autoScreenShoter.app"
            BlueprintName = "autoScreenShoter"
            ReferencedContainer = "container:autoScreenShoter.xcodeproj">
         </BuildableReference>
      </BuildableProductRunnable>
   </LaunchAction>
</Scheme>
